{
  "version": 4,
  "terraform_version": "1.9.5",
  "serial": 67,
  "lineage": "ba2838b8-eaa7-6ab0-5888-79bfe5764196",
  "outputs": {
    "key_vault_name": {
      "value": "kv-databricks-dev-po1qoo",
      "type": "string"
    }
  },
  "resources": [
    {
      "mode": "data",
      "type": "azurerm_client_config",
      "name": "current",
      "provider": "provider[\"registry.terraform.io/hashicorp/azurerm\"]",
      "instances": [
        {
          "schema_version": 0,
          "attributes": {
            "client_id": "12182b31-2a56-4c8b-9af3-2b64e93a287e",
            "id": "Y2xpZW50Q29uZmlncy9jbGllbnRJZD0xMjE4MmIzMS0yYTU2LTRjOGItOWFmMy0yYjY0ZTkzYTI4N2U7b2JqZWN0SWQ9MzA0YWY2MTQtMDI3Ni00MGNiLTljOWUtNmQ2NTk0NWQ4N2EyO3N1YnNjcmlwdGlvbklkPWIzNWY5ZGZlLWExODEtNDVkZi04YWEzLWM1Y2ExNDgyZDY4Yjt0ZW5hbnRJZD0yOWRhNzdiOC1jMzJmLTRjMTQtOWEwMi1lN2JkMDI2ZGQ2OWY=",
            "object_id": "304af614-0276-40cb-9c9e-6d65945d87a2",
            "subscription_id": "b35f9dfe-a181-45df-8aa3-c5ca1482d68b",
            "tenant_id": "29da77b8-c32f-4c14-9a02-e7bd026dd69f",
            "timeouts": null
          },
          "sensitive_attributes": []
        }
      ]
    },
    {
      "mode": "data",
      "type": "azurerm_key_vault_secret",
      "name": "databricks_host",
      "provider": "provider[\"registry.terraform.io/hashicorp/azurerm\"]",
      "instances": []
    },
    {
      "mode": "data",
      "type": "azurerm_key_vault_secret",
      "name": "databricks_token",
      "provider": "provider[\"registry.terraform.io/hashicorp/azurerm\"]",
      "instances": []
    },
    {
      "mode": "managed",
      "type": "azurerm_key_vault",
      "name": "key",
      "provider": "provider[\"registry.terraform.io/hashicorp/azurerm\"]",
      "instances": [
        {
          "schema_version": 2,
          "attributes": {
            "access_policy": [
              {
                "application_id": "",
                "certificate_permissions": null,
                "key_permissions": [
                  "Get",
                  "List",
                  "Create",
                  "Delete"
                ],
                "object_id": "304af614-0276-40cb-9c9e-6d65945d87a2",
                "secret_permissions": [
                  "Get",
                  "List",
                  "Set",
                  "Delete"
                ],
                "storage_permissions": null,
                "tenant_id": "29da77b8-c32f-4c14-9a02-e7bd026dd69f"
              }
            ],
            "contact": [],
            "enable_rbac_authorization": false,
            "enabled_for_deployment": false,
            "enabled_for_disk_encryption": true,
            "enabled_for_template_deployment": false,
            "id": "/subscriptions/b35f9dfe-a181-45df-8aa3-c5ca1482d68b/resourceGroups/ot7g-rg/providers/Microsoft.KeyVault/vaults/kv-databricks-dev-po1qoo",
            "location": "uksouth",
            "name": "kv-databricks-dev-po1qoo",
            "network_acls": [
              {
                "bypass": "AzureServices",
                "default_action": "Allow",
                "ip_rules": [],
                "virtual_network_subnet_ids": []
              }
            ],
            "public_network_access_enabled": true,
            "purge_protection_enabled": false,
            "resource_group_name": "ot7g-rg",
            "sku_name": "standard",
            "soft_delete_retention_days": 7,
            "tags": {
              "Environment": "Development",
              "ManagedBy": "Terraform",
              "Project": "Databricks-Demo"
            },
            "tenant_id": "29da77b8-c32f-4c14-9a02-e7bd026dd69f",
            "timeouts": null,
            "vault_uri": "https://kv-databricks-dev-po1qoo.vault.azure.net/"
          },
          "sensitive_attributes": [],
          "private": "eyJlMmJmYjczMC1lY2FhLTExZTYtOGY4OC0zNDM2M2JjN2M0YzAiOnsiY3JlYXRlIjoxODAwMDAwMDAwMDAwLCJkZWxldGUiOjE4MDAwMDAwMDAwMDAsInJlYWQiOjMwMDAwMDAwMDAwMCwidXBkYXRlIjoxODAwMDAwMDAwMDAwfSwic2NoZW1hX3ZlcnNpb24iOiIyIn0=",
          "dependencies": [
            "azurerm_resource_group.this",
            "data.azurerm_client_config.current",
            "random_string.naming",
            "random_string.suffix"
          ]
        }
      ]
    },
    {
      "mode": "managed",
      "type": "azurerm_network_security_group",
      "name": "this",
      "provider": "provider[\"registry.terraform.io/hashicorp/azurerm\"]",
      "instances": [
        {
          "schema_version": 0,
          "attributes": {
            "id": "/subscriptions/b35f9dfe-a181-45df-8aa3-c5ca1482d68b/resourceGroups/ot7g-rg/providers/Microsoft.Network/networkSecurityGroups/adb-ot7g-nsg",
            "location": "uksouth",
            "name": "adb-ot7g-nsg",
            "resource_group_name": "ot7g-rg",
            "security_rule": [],
            "tags": {
              "Environment": "Development",
              "Epoch": "ot7g",
              "ManagedBy": "Terraform",
              "Project": "Databricks-Demo"
            },
            "timeouts": null
          },
          "sensitive_attributes": [],
          "private": "eyJlMmJmYjczMC1lY2FhLTExZTYtOGY4OC0zNDM2M2JjN2M0YzAiOnsiY3JlYXRlIjoxODAwMDAwMDAwMDAwLCJkZWxldGUiOjE4MDAwMDAwMDAwMDAsInJlYWQiOjMwMDAwMDAwMDAwMCwidXBkYXRlIjoxODAwMDAwMDAwMDAwfX0=",
          "dependencies": [
            "azurerm_resource_group.this",
            "random_string.naming"
          ]
        }
      ]
    },
    {
      "mode": "managed",
      "type": "azurerm_resource_group",
      "name": "this",
      "provider": "provider[\"registry.terraform.io/hashicorp/azurerm\"]",
      "instances": [
        {
          "schema_version": 0,
          "attributes": {
            "id": "/subscriptions/b35f9dfe-a181-45df-8aa3-c5ca1482d68b/resourceGroups/ot7g-rg",
            "location": "uksouth",
            "managed_by": "",
            "name": "ot7g-rg",
            "tags": {
              "Environment": "Development",
              "Epoch": "ot7g",
              "ManagedBy": "Terraform",
              "Project": "Databricks-Demo"
            },
            "timeouts": null
          },
          "sensitive_attributes": [],
          "private": "eyJlMmJmYjczMC1lY2FhLTExZTYtOGY4OC0zNDM2M2JjN2M0YzAiOnsiY3JlYXRlIjo1NDAwMDAwMDAwMDAwLCJkZWxldGUiOjU0MDAwMDAwMDAwMDAsInJlYWQiOjMwMDAwMDAwMDAwMCwidXBkYXRlIjo1NDAwMDAwMDAwMDAwfX0=",
          "dependencies": [
            "random_string.naming"
          ]
        }
      ]
    },
    {
      "mode": "managed",
      "type": "azurerm_subnet",
      "name": "private",
      "provider": "provider[\"registry.terraform.io/hashicorp/azurerm\"]",
      "instances": [
        {
          "schema_version": 0,
          "attributes": {
            "address_prefixes": [
              "10.179.2.0/23"
            ],
            "default_outbound_access_enabled": true,
            "delegation": [
              {
                "name": "databricks",
                "service_delegation": [
                  {
                    "actions": [
                      "Microsoft.Network/virtualNetworks/subnets/join/action",
                      "Microsoft.Network/virtualNetworks/subnets/prepareNetworkPolicies/action",
                      "Microsoft.Network/virtualNetworks/subnets/unprepareNetworkPolicies/action"
                    ],
                    "name": "Microsoft.Databricks/workspaces"
                  }
                ]
              }
            ],
            "id": "/subscriptions/b35f9dfe-a181-45df-8aa3-c5ca1482d68b/resourceGroups/ot7g-rg/providers/Microsoft.Network/virtualNetworks/adb-ot7g-vnet/subnets/adb-ot7g-private",
            "name": "adb-ot7g-private",
            "private_endpoint_network_policies": "Disabled",
            "private_link_service_network_policies_enabled": true,
            "resource_group_name": "ot7g-rg",
            "service_endpoint_policy_ids": null,
            "service_endpoints": null,
            "timeouts": null,
            "virtual_network_name": "adb-ot7g-vnet"
          },
          "sensitive_attributes": [],
          "private": "eyJlMmJmYjczMC1lY2FhLTExZTYtOGY4OC0zNDM2M2JjN2M0YzAiOnsiY3JlYXRlIjoxODAwMDAwMDAwMDAwLCJkZWxldGUiOjE4MDAwMDAwMDAwMDAsInJlYWQiOjMwMDAwMDAwMDAwMCwidXBkYXRlIjoxODAwMDAwMDAwMDAwfX0=",
          "dependencies": [
            "azurerm_resource_group.this",
            "azurerm_virtual_network.this",
            "random_string.naming"
          ]
        }
      ]
    },
    {
      "mode": "managed",
      "type": "azurerm_subnet",
      "name": "public",
      "provider": "provider[\"registry.terraform.io/hashicorp/azurerm\"]",
      "instances": [
        {
          "schema_version": 0,
          "attributes": {
            "address_prefixes": [
              "10.179.0.0/23"
            ],
            "default_outbound_access_enabled": true,
            "delegation": [
              {
                "name": "databricks",
                "service_delegation": [
                  {
                    "actions": [
                      "Microsoft.Network/virtualNetworks/subnets/join/action",
                      "Microsoft.Network/virtualNetworks/subnets/prepareNetworkPolicies/action",
                      "Microsoft.Network/virtualNetworks/subnets/unprepareNetworkPolicies/action"
                    ],
                    "name": "Microsoft.Databricks/workspaces"
                  }
                ]
              }
            ],
            "id": "/subscriptions/b35f9dfe-a181-45df-8aa3-c5ca1482d68b/resourceGroups/ot7g-rg/providers/Microsoft.Network/virtualNetworks/adb-ot7g-vnet/subnets/adb-ot7g-public",
            "name": "adb-ot7g-public",
            "private_endpoint_network_policies": "Disabled",
            "private_link_service_network_policies_enabled": true,
            "resource_group_name": "ot7g-rg",
            "service_endpoint_policy_ids": null,
            "service_endpoints": null,
            "timeouts": null,
            "virtual_network_name": "adb-ot7g-vnet"
          },
          "sensitive_attributes": [],
          "private": "eyJlMmJmYjczMC1lY2FhLTExZTYtOGY4OC0zNDM2M2JjN2M0YzAiOnsiY3JlYXRlIjoxODAwMDAwMDAwMDAwLCJkZWxldGUiOjE4MDAwMDAwMDAwMDAsInJlYWQiOjMwMDAwMDAwMDAwMCwidXBkYXRlIjoxODAwMDAwMDAwMDAwfX0=",
          "dependencies": [
            "azurerm_resource_group.this",
            "azurerm_virtual_network.this",
            "random_string.naming"
          ]
        }
      ]
    },
    {
      "mode": "managed",
      "type": "azurerm_subnet_network_security_group_association",
      "name": "private",
      "provider": "provider[\"registry.terraform.io/hashicorp/azurerm\"]",
      "instances": [
        {
          "schema_version": 0,
          "attributes": {
            "id": "/subscriptions/b35f9dfe-a181-45df-8aa3-c5ca1482d68b/resourceGroups/ot7g-rg/providers/Microsoft.Network/virtualNetworks/adb-ot7g-vnet/subnets/adb-ot7g-private",
            "network_security_group_id": "/subscriptions/b35f9dfe-a181-45df-8aa3-c5ca1482d68b/resourceGroups/ot7g-rg/providers/Microsoft.Network/networkSecurityGroups/adb-ot7g-nsg",
            "subnet_id": "/subscriptions/b35f9dfe-a181-45df-8aa3-c5ca1482d68b/resourceGroups/ot7g-rg/providers/Microsoft.Network/virtualNetworks/adb-ot7g-vnet/subnets/adb-ot7g-private",
            "timeouts": null
          },
          "sensitive_attributes": [],
          "private": "eyJlMmJmYjczMC1lY2FhLTExZTYtOGY4OC0zNDM2M2JjN2M0YzAiOnsiY3JlYXRlIjoxODAwMDAwMDAwMDAwLCJkZWxldGUiOjE4MDAwMDAwMDAwMDAsInJlYWQiOjMwMDAwMDAwMDAwMH19",
          "dependencies": [
            "azurerm_network_security_group.this",
            "azurerm_resource_group.this",
            "azurerm_subnet.private",
            "azurerm_virtual_network.this",
            "random_string.naming"
          ]
        }
      ]
    },
    {
      "mode": "managed",
      "type": "azurerm_subnet_network_security_group_association",
      "name": "public",
      "provider": "provider[\"registry.terraform.io/hashicorp/azurerm\"]",
      "instances": [
        {
          "schema_version": 0,
          "attributes": {
            "id": "/subscriptions/b35f9dfe-a181-45df-8aa3-c5ca1482d68b/resourceGroups/ot7g-rg/providers/Microsoft.Network/virtualNetworks/adb-ot7g-vnet/subnets/adb-ot7g-public",
            "network_security_group_id": "/subscriptions/b35f9dfe-a181-45df-8aa3-c5ca1482d68b/resourceGroups/ot7g-rg/providers/Microsoft.Network/networkSecurityGroups/adb-ot7g-nsg",
            "subnet_id": "/subscriptions/b35f9dfe-a181-45df-8aa3-c5ca1482d68b/resourceGroups/ot7g-rg/providers/Microsoft.Network/virtualNetworks/adb-ot7g-vnet/subnets/adb-ot7g-public",
            "timeouts": null
          },
          "sensitive_attributes": [],
          "private": "eyJlMmJmYjczMC1lY2FhLTExZTYtOGY4OC0zNDM2M2JjN2M0YzAiOnsiY3JlYXRlIjoxODAwMDAwMDAwMDAwLCJkZWxldGUiOjE4MDAwMDAwMDAwMDAsInJlYWQiOjMwMDAwMDAwMDAwMH19",
          "dependencies": [
            "azurerm_network_security_group.this",
            "azurerm_resource_group.this",
            "azurerm_subnet.public",
            "azurerm_virtual_network.this",
            "random_string.naming"
          ]
        }
      ]
    },
    {
      "mode": "managed",
      "type": "azurerm_virtual_network",
      "name": "this",
      "provider": "provider[\"registry.terraform.io/hashicorp/azurerm\"]",
      "instances": [
        {
          "schema_version": 0,
          "attributes": {
            "address_space": [
              "10.179.0.0/20"
            ],
            "bgp_community": "",
            "ddos_protection_plan": [],
            "dns_servers": [],
            "edge_zone": "",
            "encryption": [],
            "flow_timeout_in_minutes": 0,
            "guid": "59be3d42-9f75-46ee-9ca5-dd8b9b235643",
            "id": "/subscriptions/b35f9dfe-a181-45df-8aa3-c5ca1482d68b/resourceGroups/ot7g-rg/providers/Microsoft.Network/virtualNetworks/adb-ot7g-vnet",
            "location": "uksouth",
            "name": "adb-ot7g-vnet",
            "resource_group_name": "ot7g-rg",
            "subnet": [],
            "tags": {
              "Environment": "Development",
              "Epoch": "ot7g",
              "ManagedBy": "Terraform",
              "Project": "Databricks-Demo"
            },
            "timeouts": null
          },
          "sensitive_attributes": [],
          "private": "eyJlMmJmYjczMC1lY2FhLTExZTYtOGY4OC0zNDM2M2JjN2M0YzAiOnsiY3JlYXRlIjoxODAwMDAwMDAwMDAwLCJkZWxldGUiOjE4MDAwMDAwMDAwMDAsInJlYWQiOjMwMDAwMDAwMDAwMCwidXBkYXRlIjoxODAwMDAwMDAwMDAwfX0=",
          "dependencies": [
            "azurerm_resource_group.this",
            "random_string.naming"
          ]
        }
      ]
    },
    {
      "mode": "managed",
      "type": "random_string",
      "name": "naming",
      "provider": "provider[\"registry.terraform.io/hashicorp/random\"]",
      "instances": [
        {
          "schema_version": 2,
          "attributes": {
            "id": "ot7g",
            "keepers": null,
            "length": 4,
            "lower": true,
            "min_lower": 0,
            "min_numeric": 0,
            "min_special": 0,
            "min_upper": 0,
            "number": true,
            "numeric": true,
            "override_special": null,
            "result": "ot7g",
            "special": false,
            "upper": false
          },
          "sensitive_attributes": []
        }
      ]
    },
    {
      "mode": "managed",
      "type": "random_string",
      "name": "suffix",
      "provider": "provider[\"registry.terraform.io/hashicorp/random\"]",
      "instances": [
        {
          "schema_version": 2,
          "attributes": {
            "id": "po1qoo",
            "keepers": null,
            "length": 6,
            "lower": true,
            "min_lower": 0,
            "min_numeric": 0,
            "min_special": 0,
            "min_upper": 0,
            "number": true,
            "numeric": true,
            "override_special": null,
            "result": "po1qoo",
            "special": false,
            "upper": false
          },
          "sensitive_attributes": []
        }
      ]
    }
  ],
  "check_results": null
}
